{
  "nodes": {
    "flake-utils": {
      "locked": {
        "lastModified": 1667395993,
        "narHash": "sha256-nuEHfE/LcWyuSWnS8t12N1wc105Qtau+/OdUAjtQ0rA=",
        "owner": "numtide",
        "repo": "flake-utils",
        "rev": "5aed5285a952e0b949eb3ba02c12fa4fcfef535f",
        "type": "github"
      },
      "original": {
        "owner": "numtide",
        "repo": "flake-utils",
        "type": "github"
      }
    },
    "flake-utils_2": {
      "locked": {
        "lastModified": 1667395993,
        "narHash": "sha256-nuEHfE/LcWyuSWnS8t12N1wc105Qtau+/OdUAjtQ0rA=",
        "owner": "numtide",
        "repo": "flake-utils",
        "rev": "5aed5285a952e0b949eb3ba02c12fa4fcfef535f",
        "type": "github"
      },
      "original": {
        "owner": "numtide",
        "repo": "flake-utils",
        "type": "github"
      }
    },
    "flake-utils_3": {
      "locked": {
        "lastModified": 1667395993,
        "narHash": "sha256-nuEHfE/LcWyuSWnS8t12N1wc105Qtau+/OdUAjtQ0rA=",
        "owner": "numtide",
        "repo": "flake-utils",
        "rev": "5aed5285a952e0b949eb3ba02c12fa4fcfef535f",
        "type": "github"
      },
      "original": {
        "owner": "numtide",
        "repo": "flake-utils",
        "type": "github"
      }
    },
    "nixpkgs": {
      "locked": {
        "lastModified": 1669542132,
        "narHash": "sha256-DRlg++NJAwPh8io3ExBJdNW7Djs3plVI5jgYQ+iXAZQ=",
        "owner": "NixOS",
        "repo": "nixpkgs",
        "rev": "a115bb9bd56831941be3776c8a94005867f316a7",
        "type": "github"
      },
      "original": {
        "id": "nixpkgs",
        "ref": "nixos-unstable",
        "type": "indirect"
      }
    },
    "nixpkgs_2": {
      "locked": {
        "lastModified": 1669828093,
        "narHash": "sha256-wCxCnqU5mf7LeLI7kHwYfIVc4+klo2QFK7UOoli1ZHU=",
        "owner": "NixOS",
        "repo": "nixpkgs",
        "rev": "c79f09b7e5bb39eb9ead58c99ab87cb271461080",
        "type": "github"
      },
      "original": {
        "owner": "NixOS",
        "repo": "nixpkgs",
        "type": "github"
      }
    },
    "nixpkgs_3": {
      "locked": {
        "lastModified": 1669226068,
        "narHash": "sha256-/eL0TjRajyQWddAQV2yBxhHjT3gJ8/zfNUNpbo8zXDQ=",
        "owner": "NixOS",
        "repo": "nixpkgs",
        "rev": "176d2084b5751560dfc32ec4a81858c9290d14c5",
        "type": "github"
      },
      "original": {
        "owner": "NixOS",
        "repo": "nixpkgs",
        "type": "github"
      }
    },
    "poetry2nix": {
      "inputs": {
        "flake-utils": "flake-utils",
        "nixpkgs": "nixpkgs_2"
      },
      "locked": {
        "lastModified": 1669801469,
        "narHash": "sha256-GZYef2/AgSsHlM6LddKungUfDB7DMU1su/CRSowIa9o=",
        "owner": "nix-community",
        "repo": "poetry2nix",
        "rev": "956e730a8357e150d5ce6a293175360e37b51c76",
        "type": "github"
      },
      "original": {
        "owner": "nix-community",
        "repo": "poetry2nix",
        "type": "github"
      }
    },
    "poetry2nix_2": {
      "inputs": {
        "flake-utils": "flake-utils_3",
        "nixpkgs": "nixpkgs_3"
      },
      "locked": {
        "lastModified": 1669070813,
        "narHash": "sha256-Z8FxcJfG7cIAIjMvGU0jr1K1oWCM/DDnlU7i8LsrkKY=",
        "owner": "nix-community",
        "repo": "poetry2nix",
        "rev": "686a2d4ee4f00244b80396d1948e3b38000df6e8",
        "type": "github"
      },
      "original": {
        "owner": "nix-community",
        "repo": "poetry2nix",
        "type": "github"
      }
    },
    "root": {
      "inputs": {
        "nixpkgs": "nixpkgs",
        "poetry2nix": "poetry2nix",
        "utils": "utils"
      }
    },
    "utils": {
      "inputs": {
        "flake-utils": "flake-utils_2",
        "nixpkgs": [
          "nixpkgs"
        ],
        "poetry2nix": "poetry2nix_2"
      },
      "locked": {
        "lastModified": 1669674883,
        "narHash": "sha256-bY9UX+RsEiEJlPI+s8KDM4YHFySrDF4gkWmhsJovp+s=",
        "owner": "vale981",
        "repo": "hiro-flake-utils",
        "rev": "09c67e6366bf0f4fe8d3c62e6f3aa79a3c1563f9",
        "type": "github"
      },
      "original": {
        "owner": "vale981",
        "repo": "hiro-flake-utils",
        "type": "github"
      }
    }
  },
  "root": "root",
  "version": 7
}
